// !$*UTF8*$!
{
	archiveVersion = 1;
	classes = {
	};
	objectVersion = 46;
	objects = {

/* Begin PBXBuildFile section */
		A08CAD5D1A6373A8007F02EA /* AppDelegate.swift in Sources */ = {isa = PBXBuildFile; fileRef = A08CAD5C1A6373A8007F02EA /* AppDelegate.swift */; };
		A08CAD5F1A6373A8007F02EA /* ViewController.swift in Sources */ = {isa = PBXBuildFile; fileRef = A08CAD5E1A6373A8007F02EA /* ViewController.swift */; };
		A08CAD611A6373A8007F02EA /* Images.xcassets in Resources */ = {isa = PBXBuildFile; fileRef = A08CAD601A6373A8007F02EA /* Images.xcassets */; };
		A08CAD641A6373A8007F02EA /* Main.storyboard in Resources */ = {isa = PBXBuildFile; fileRef = A08CAD621A6373A8007F02EA /* Main.storyboard */; };
		A08CAD701A6373A8007F02EA /* SwiftGrammerPracticeTests.swift in Sources */ = {isa = PBXBuildFile; fileRef = A08CAD6F1A6373A8007F02EA /* SwiftGrammerPracticeTests.swift */; };
		A08CAD7A1A64E6E1007F02EA /* GenericTests.swift in Sources */ = {isa = PBXBuildFile; fileRef = A08CAD791A64E6E1007F02EA /* GenericTests.swift */; };
/* End PBXBuildFile section */

/* Begin PBXContainerItemProxy section */
		A08CAD6A1A6373A8007F02EA /* PBXContainerItemProxy */ = {
			isa = PBXContainerItemProxy;
			containerPortal = A08CAD4F1A6373A8007F02EA /* Project object */;
			proxyType = 1;
			remoteGlobalIDString = A08CAD561A6373A8007F02EA;
			remoteInfo = SwiftGrammerPractice;
		};
/* End PBXContainerItemProxy section */

/* Begin PBXFileReference section */
		A08CAD571A6373A8007F02EA /* SwiftGrammerPractice.app */ = {isa = PBXFileReference; explicitFileType = wrapper.application; includeInIndex = 0; path = SwiftGrammerPractice.app; sourceTree = BUILT_PRODUCTS_DIR; };
		A08CAD5B1A6373A8007F02EA /* Info.plist */ = {isa = PBXFileReference; lastKnownFileType = text.plist.xml; path = Info.plist; sourceTree = "<group>"; };
		A08CAD5C1A6373A8007F02EA /* AppDelegate.swift */ = {isa = PBXFileReference; lastKnownFileType = sourcecode.swift; path = AppDelegate.swift; sourceTree = "<group>"; };
		A08CAD5E1A6373A8007F02EA /* ViewController.swift */ = {isa = PBXFileReference; lastKnownFileType = sourcecode.swift; path = ViewController.swift; sourceTree = "<group>"; };
		A08CAD601A6373A8007F02EA /* Images.xcassets */ = {isa = PBXFileReference; lastKnownFileType = folder.assetcatalog; path = Images.xcassets; sourceTree = "<group>"; };
		A08CAD631A6373A8007F02EA /* Base */ = {isa = PBXFileReference; lastKnownFileType = file.storyboard; name = Base; path = Base.lproj/Main.storyboard; sourceTree = "<group>"; };
		A08CAD691A6373A8007F02EA /* SwiftGrammerPracticeTests.xctest */ = {isa = PBXFileReference; explicitFileType = wrapper.cfbundle; includeInIndex = 0; path = SwiftGrammerPracticeTests.xctest; sourceTree = BUILT_PRODUCTS_DIR; };
		A08CAD6E1A6373A8007F02EA /* Info.plist */ = {isa = PBXFileReference; lastKnownFileType = text.plist.xml; path = Info.plist; sourceTree = "<group>"; };
		A08CAD6F1A6373A8007F02EA /* SwiftGrammerPracticeTests.swift */ = {isa = PBXFileReference; lastKnownFileType = sourcecode.swift; path = SwiftGrammerPracticeTests.swift; sourceTree = "<group>"; };
		A08CAD791A64E6E1007F02EA /* GenericTests.swift */ = {isa = PBXFileReference; fileEncoding = 4; lastKnownFileType = sourcecode.swift; path = GenericTests.swift; sourceTree = "<group>"; };
/* End PBXFileReference section */

/* Begin PBXFrameworksBuildPhase section */
		A08CAD541A6373A8007F02EA /* Frameworks */ = {
			isa = PBXFrameworksBuildPhase;
			buildActionMask = 2147483647;
			files = (
			);
			runOnlyForDeploymentPostprocessing = 0;
		};
		A08CAD661A6373A8007F02EA /* Frameworks */ = {
			isa = PBXFrameworksBuildPhase;
			buildActionMask = 2147483647;
			files = (
			);
			runOnlyForDeploymentPostprocessing = 0;
		};
/* End PBXFrameworksBuildPhase section */

/* Begin PBXGroup section */
		A08CAD4E1A6373A8007F02EA = {
			isa = PBXGroup;
			children = (
				A08CAD591A6373A8007F02EA /* SwiftGrammerPractice */,
				A08CAD6C1A6373A8007F02EA /* SwiftGrammerPracticeTests */,
				A08CAD581A6373A8007F02EA /* Products */,
			);
			sourceTree = "<group>";
		};
		A08CAD581A6373A8007F02EA /* Products */ = {
			isa = PBXGroup;
			children = (
				A08CAD571A6373A8007F02EA /* SwiftGrammerPractice.app */,
				A08CAD691A6373A8007F02EA /* SwiftGrammerPracticeTests.xctest */,
			);
			name = Products;
			sourceTree = "<group>";
		};
		A08CAD591A6373A8007F02EA /* SwiftGrammerPractice */ = {
			isa = PBXGroup;
			children = (
				A08CAD5C1A6373A8007F02EA /* AppDelegate.swift */,
				A08CAD5E1A6373A8007F02EA /* ViewController.swift */,
				A08CAD601A6373A8007F02EA /* Images.xcassets */,
				A08CAD621A6373A8007F02EA /* Main.storyboard */,
				A08CAD5A1A6373A8007F02EA /* Supporting Files */,
			);
			path = SwiftGrammerPractice;
			sourceTree = "<group>";
		};
		A08CAD5A1A6373A8007F02EA /* Supporting Files */ = {
			isa = PBXGroup;
			children = (
				A08CAD5B1A6373A8007F02EA /* Info.plist */,
			);
			name = "Supporting Files";
			sourceTree = "<group>";
		};
		A08CAD6C1A6373A8007F02EA /* SwiftGrammerPracticeTests */ = {
			isa = PBXGroup;
			children = (
				A08CAD6F1A6373A8007F02EA /* SwiftGrammerPracticeTests.swift */,
				A08CAD791A64E6E1007F02EA /* GenericTests.swift */,
				A08CAD6D1A6373A8007F02EA /* Supporting Files */,
			);
			path = SwiftGrammerPracticeTests;
			sourceTree = "<group>";
		};
		A08CAD6D1A6373A8007F02EA /* Supporting Files */ = {
			isa = PBXGroup;
			children = (
				A08CAD6E1A6373A8007F02EA /* Info.plist */,
			);
			name = "Supporting Files";
			sourceTree = "<group>";
		};
/* End PBXGroup section */

/* Begin PBXNativeTarget section */
		A08CAD561A6373A8007F02EA /* SwiftGrammerPractice */ = {
			isa = PBXNativeTarget;
			buildConfigurationList = A08CAD731A6373A8007F02EA /* Build configuration list for PBXNativeTarget "SwiftGrammerPractice" */;
			buildPhases = (
				A08CAD531A6373A8007F02EA /* Sources */,
				A08CAD541A6373A8007F02EA /* Frameworks */,
				A08CAD551A6373A8007F02EA /* Resources */,
			);
			buildRules = (
			);
			dependencies = (
			);
			name = SwiftGrammerPractice;
			productName = SwiftGrammerPractice;
			productReference = A08CAD571A6373A8007F02EA /* SwiftGrammerPractice.app */;
			productType = "com.apple.product-type.application";
		};
		A08CAD681A6373A8007F02EA /* SwiftGrammerPracticeTests */ = {
			isa = PBXNativeTarget;
			buildConfigurationList = A08CAD761A6373A8007F02EA /* Build configuration list for PBXNativeTarget "SwiftGrammerPracticeTests" */;
			buildPhases = (
				A08CAD651A6373A8007F02EA /* Sources */,
				A08CAD661A6373A8007F02EA /* Frameworks */,
				A08CAD671A6373A8007F02EA /* Resources */,
			);
			buildRules = (
			);
			dependencies = (
				A08CAD6B1A6373A8007F02EA /* PBXTargetDependency */,
			);
			name = SwiftGrammerPracticeTests;
			productName = SwiftGrammerPracticeTests;
			productReference = A08CAD691A6373A8007F02EA /* SwiftGrammerPracticeTests.xctest */;
			productType = "com.apple.product-type.bundle.unit-test";
		};
/* End PBXNativeTarget section */

/* Begin PBXProject section */
		A08CAD4F1A6373A8007F02EA /* Project object */ = {
			isa = PBXProject;
			attributes = {
				LastUpgradeCheck = 0610;
				ORGANIZATIONNAME = apisdk;
				TargetAttributes = {
					A08CAD561A6373A8007F02EA = {
						CreatedOnToolsVersion = 6.1.1;
					};
					A08CAD681A6373A8007F02EA = {
						CreatedOnToolsVersion = 6.1.1;
						TestTargetID = A08CAD561A6373A8007F02EA;
					};
				};
			};
			buildConfigurationList = A08CAD521A6373A8007F02EA /* Build configuration list for PBXProject "SwiftGrammerPractice" */;
			compatibilityVersion = "Xcode 3.2";
			developmentRegion = English;
			hasScannedForEncodings = 0;
			knownRegions = (
				en,
				Base,
			);
			mainGroup = A08CAD4E1A6373A8007F02EA;
			productRefGroup = A08CAD581A6373A8007F02EA /* Products */;
			projectDirPath = "";
			projectRoot = "";
			targets = (
				A08CAD561A6373A8007F02EA /* SwiftGrammerPractice */,
				A08CAD681A6373A8007F02EA /* SwiftGrammerPracticeTests */,
			);
		};
/* End PBXProject section */

/* Begin PBXResourcesBuildPhase section */
		A08CAD551A6373A8007F02EA /* Resources */ = {
			isa = PBXResourcesBuildPhase;
			buildActionMask = 2147483647;
			files = (
				A08CAD611A6373A8007F02EA /* Images.xcassets in Resources */,
				A08CAD641A6373A8007F02EA /* Main.storyboard in Resources */,
			);
			runOnlyForDeploymentPostprocessing = 0;
		};
		A08CAD671A6373A8007F02EA /* Resources */ = {
			isa = PBXResourcesBuildPhase;
			buildActionMask = 2147483647;
			files = (
			);
			runOnlyForDeploymentPostprocessing = 0;
		};
/* End PBXResourcesBuildPhase section */

/* Begin PBXSourcesBuildPhase section */
		A08CAD531A6373A8007F02EA /* Sources */ = {
			isa = PBXSourcesBuildPhase;
			buildActionMask = 2147483647;
			files = (
				A08CAD5F1A6373A8007F02EA /* ViewController.swift in Sources */,
				A08CAD5D1A6373A8007F02EA /* AppDelegate.swift in Sources */,
			);
			runOnlyForDeploymentPostprocessing = 0;
		};
		A08CAD651A6373A8007F02EA /* Sources */ = {
			isa = PBXSourcesBuildPhase;
			buildActionMask = 2147483647;
			files = (
				A08CAD701A6373A8007F02EA /* SwiftGrammerPracticeTests.swift in Sources */,
				A08CAD7A1A64E6E1007F02EA /* GenericTests.swift in Sources */,
			);
			runOnlyForDeploymentPostprocessing = 0;
		};
/* End PBXSourcesBuildPhase section */

/* Begin PBXTargetDependency section */
		A08CAD6B1A6373A8007F02EA /* PBXTargetDependency */ = {
			isa = PBXTargetDependency;
			target = A08CAD561A6373A8007F02EA /* SwiftGrammerPractice */;
			targetProxy = A08CAD6A1A6373A8007F02EA /* PBXContainerItemProxy */;
		};
/* End PBXTargetDependency section */

/* Begin PBXVariantGroup section */
		A08CAD621A6373A8007F02EA /* Main.storyboard */ = {
			isa = PBXVariantGroup;
			children = (
				A08CAD631A6373A8007F02EA /* Base */,
			);
			name = Main.storyboard;
			sourceTree = "<group>";
		};
/* End PBXVariantGroup section */

/* Begin XCBuildConfiguration section */
		A08CAD711A6373A8007F02EA /* Debug */ = {
			isa = XCBuildConfiguration;
			buildSettings = {
				ALWAYS_SEARCH_USER_PATHS = NO;
				CLANG_CXX_LANGUAGE_STANDARD = "gnu++0x";
				CLANG_CXX_LIBRARY = "libc++";
				CLANG_ENABLE_MODULES = YES;
				CLANG_ENABLE_OBJC_ARC = YES;
				CLANG_WARN_BOOL_CONVERSION = YES;
				CLANG_WARN_CONSTANT_CONVERSION = YES;
				CLANG_WARN_DIRECT_OBJC_ISA_USAGE = YES_ERROR;
				CLANG_WARN_EMPTY_BODY = YES;
				CLANG_WARN_ENUM_CONVERSION = YES;
				CLANG_WARN_INT_CONVERSION = YES;
				CLANG_WARN_OBJC_ROOT_CLASS = YES_ERROR;
				CLANG_WARN_UNREACHABLE_CODE = YES;
				CLANG_WARN__DUPLICATE_METHOD_MATCH = YES;
				CODE_SIGN_IDENTITY = "-";
				COPY_PHASE_STRIP = NO;
				ENABLE_STRICT_OBJC_MSGSEND = YES;
				GCC_C_LANGUAGE_STANDARD = gnu99;
				GCC_DYNAMIC_NO_PIC = NO;
				GCC_OPTIMIZATION_LEVEL = 0;
				GCC_PREPROCESSOR_DEFINITIONS = (
					"DEBUG=1",
					"$(inherited)",
				);
				GCC_SYMBOLS_PRIVATE_EXTERN = NO;
				GCC_WARN_64_TO_32_BIT_CONVERSION = YES;
				GCC_WARN_ABOUT_RETURN_TYPE = YES_ERROR;
				GCC_WARN_UNDECLARED_SELECTOR = YES;
				GCC_WARN_UNINITIALIZED_AUTOS = YES_AGGRESSIVE;
				GCC_WARN_UNUSED_FUNCTION = YES;
				GCC_WARN_UNUSED_VARIABLE = YES;
				MACOSX_DEPLOYMENT_TARGET = 10.10;
				MTL_ENABLE_DEBUG_INFO = YES;
				ONLY_ACTIVE_ARCH = YES;
				SDKROOT = macosx;
				SWIFT_OPTIMIZATION_LEVEL = "-Onone";
			};
			name = Debug;
		};
		A08CAD721A6373A8007F02EA /* Release */ = {
			isa = XCBuildConfiguration;
			buildSettings = {
				ALWAYS_SEARCH_USER_PATHS = NO;
				CLANG_CXX_LANGUAGE_STANDARD = "gnu++0x";
				CLANG_CXX_LIBRARY = "libc++";
				CLANG_ENABLE_MODULES = YES;
				CLANG_ENABLE_OBJC_ARC = YES;
				CLANG_WARN_BOOL_CONVERSION = YES;
				CLANG_WARN_CONSTANT_CONVERSION = YES;
				CLANG_WARN_DIRECT_OBJC_ISA_USAGE = YES_ERROR;
				CLANG_WARN_EMPTY_BODY = YES;
				CLANG_WARN_ENUM_CONVERSION = YES;
				CLANG_WARN_INT_CONVERSION = YES;
				CLANG_WARN_OBJC_ROOT_CLASS = YES_ERROR;
				CLANG_WARN_UNREACHABLE_CODE = YES;
				CLANG_WARN__DUPLICATE_METHOD_MATCH = YES;
				CODE_SIGN_IDENTITY = "-";
				COPY_PHASE_STRIP = YES;
				DEBUG_INFORMATION_FORMAT = "dwarf-with-dsym";
				ENABLE_NS_ASSERTIONS = NO;
				ENABLE_STRICT_OBJC_MSGSEND = YES;
				GCC_C_LANGUAGE_STANDARD = gnu99;
				GCC_WARN_64_TO_32_BIT_CONVERSION = YES;
				GCC_WARN_ABOUT_RETURN_TYPE = YES_ERROR;
				GCC_WARN_UNDECLARED_SELECTOR = YES;
				GCC_WARN_UNINITIALIZED_AUTOS = YES_AGGRESSIVE;
				GCC_WARN_UNUSED_FUNCTION = YES;
				GCC_WARN_UNUSED_VARIABLE = YES;
				MACOSX_DEPLOYMENT_TARGET = 10.10;
				MTL_ENABLE_DEBUG_INFO = NO;
				SDKROOT = macosx;
			};
			name = Release;
		};
		A08CAD741A6373A8007F02EA /* Debug */ = {
			isa = XCBuildConfiguration;
			buildSettings = {
				ASSETCATALOG_COMPILER_APPICON_NAME = AppIcon;
				COMBINE_HIDPI_IMAGES = YES;
				INFOPLIST_FILE = SwiftGrammerPractice/Info.plist;
				LD_RUNPATH_SEARCH_PATHS = "$(inherited) @executable_path/../Frameworks";
				PRODUCT_NAME = "$(TARGET_NAME)";
			};
			name = Debug;
		};
		A08CAD751A6373A8007F02EA /* Release */ = {
			isa = XCBuildConfiguration;
			buildSettings = {
				ASSETCATALOG_COMPILER_APPICON_NAME = AppIcon;
				COMBINE_HIDPI_IMAGES = YES;
				INFOPLIST_FILE = SwiftGrammerPractice/Info.plist;
				LD_RUNPATH_SEARCH_PATHS = "$(inherited) @executable_path/../Frameworks";
				PRODUCT_NAME = "$(TARGET_NAME)";
			};
			name = Release;
		};
		A08CAD771A6373A8007F02EA /* Debug */ = {
			isa = XCBuildConfiguration;
			buildSettings = {
				BUNDLE_LOADER = "$(TEST_HOST)";
				COMBINE_HIDPI_IMAGES = YES;
				FRAMEWORK_SEARCH_PATHS = (
					"$(DEVELOPER_FRAMEWORKS_DIR)",
					"$(inherited)",
				);
				GCC_PREPROCESSOR_DEFINITIONS = (
					"DEBUG=1",
					"$(inherited)",
				);
				INFOPLIST_FILE = SwiftGrammerPracticeTests/Info.plist;
				LD_RUNPATH_SEARCH_PATHS = "$(inherited) @executable_path/../Frameworks @loader_path/../Frameworks";
				PRODUCT_NAME = "$(TARGET_NAME)";
				TEST_HOST = "$(BUILT_PRODUCTS_DIR)/SwiftGrammerPractice.app/Contents/MacOS/SwiftGrammerPractice";
			};
			name = Debug;
		};
		A08CAD781A6373A8007F02EA /* Release */ = {
			isa = XCBuildConfiguration;
			buildSettings = {
				BUNDLE_LOADER = "$(TEST_HOST)";
				COMBINE_HIDPI_IMAGES = YES;
				FRAMEWORK_SEARCH_PATHS = (
					"$(DEVELOPER_FRAMEWORKS_DIR)",
					"$(inherited)",
				);
				INFOPLIST_FILE = SwiftGrammerPracticeTests/Info.plist;
				LD_RUNPATH_SEARCH_PATHS = "$(inherited) @executable_path/../Frameworks @loader_path/../Frameworks";
				PRODUCT_NAME = "$(TARGET_NAME)";
				TEST_HOST = "$(BUILT_PRODUCTS_DIR)/SwiftGrammerPractice.app/Contents/MacOS/SwiftGrammerPractice";
			};
			name = Release;
		};
/* End XCBuildConfiguration section */

/* Begin XCConfigurationList section */
		A08CAD521A6373A8007F02EA /* Build configuration list for PBXProject "SwiftGrammerPractice" */ = {
			isa = XCConfigurationList;
			buildConfigurations = (
				A08CAD711A6373A8007F02EA /* Debug */,
				A08CAD721A6373A8007F02EA /* Release */,
			);
			defaultConfigurationIsVisible = 0;
			defaultConfigurationName = Release;
		};
		A08CAD731A6373A8007F02EA /* Build configuration list for PBXNativeTarget "SwiftGrammerPractice" */ = {
			isa = XCConfigurationList;
			buildConfigurations = (
				A08CAD741A6373A8007F02EA /* Debug */,
				A08CAD751A6373A8007F02EA /* Release */,
			);
			defaultConfigurationIsVisible = 0;
		};
		A08CAD761A6373A8007F02EA /* Build configuration list for PBXNativeTarget "SwiftGrammerPracticeTests" */ = {
			isa = XCConfigurationList;
			buildConfigurations = (
				A08CAD771A6373A8007F02EA /* Debug */,
				A08CAD781A6373A8007F02EA /* Release */,
			);
			defaultConfigurationIsVisible = 0;
		};
/* End XCConfigurationList section */
	};
	rootObject = A08CAD4F1A6373A8007F02EA /* Project object */;
}
